
Microsoft Visual Studio Solution File, Format Version 12.00
# Visual Studio Version 16
VisualStudioVersion = 16.0.31624.102
MinimumVisualStudioVersion = 10.0.40219.1
Project("{FAE04EC0-301F-11D3-BF4B-00C04F79EFBC}") = "Mynamepro", "Mynamepro\Mynamepro.csproj", "{21881AFB-87BE-487D-9BC0-8D265E6886BC}"
EndProject
Global
	GlobalSection(SolutionConfigurationPlatforms) = preSolution
		Debug|Any CPU = Debug|Any CPU
		Release|Any CPU = Release|Any CPU
	EndGlobalSection
	GlobalSection(ProjectConfigurationPlatforms) = postSolution
		{21881AFB-87BE-487D-9BC0-8D265E6886BC}.Debug|Any CPU.ActiveCfg = Debug|Any CPU
		{21881AFB-87BE-487D-9BC0-8D265E6886BC}.Debug|Any CPU.Build.0 = Debug|Any CPU
		{21881AFB-87BE-487D-9BC0-8D265E6886BC}.Release|Any CPU.ActiveCfg = Release|Any CPU
		{21881AFB-87BE-487D-9BC0-8D265E6886BC}.Release|Any CPU.Build.0 = Release|Any CPU
	EndGlobalSection
	GlobalSection(SolutionProperties) = preSolution
		HideSolutionNode = FALSE
	EndGlobalSection
	GlobalSection(ExtensibilityGlobals) = postSolution
		SolutionGuid = {26D844ED-73C6-4C47-B52B-98BF089501CB}
	EndGlobalSection
EndGlobal
